
Microsoft Visual Studio Solution File, Format Version 12.00
# Visual Studio Version 16
VisualStudioVersion = 16.0.31019.35
MinimumVisualStudioVersion = 10.0.40219.1
Project("{FAE04EC0-301F-11D3-BF4B-00C04F79EFBC}") = "GameFacto.Core", "GameFacto.Core\GameFacto.Core.csproj", "{63E009BF-E1E0-4D95-9994-589C91827DA6}"
EndProject
Project("{FAE04EC0-301F-11D3-BF4B-00C04F79EFBC}") = "GameFacto.Data", "GameFacto.Data\GameFacto.Data.csproj", "{CF6DFCEB-5F37-4981-9A2D-FEB99FC75E18}"
EndProject
Project("{FAE04EC0-301F-11D3-BF4B-00C04F79EFBC}") = "GameFacto.Service", "GameFacto.Service\GameFacto.Service.csproj", "{2184118B-0B9C-4F5C-AF51-D9515EC6B3A2}"
EndProject
Project("{FAE04EC0-301F-11D3-BF4B-00C04F79EFBC}") = "GameFacto.UI", "GameFacto.UI\GameFacto.UI.csproj", "{78F9D147-B9A0-42E0-8E0A-2A454D74BCB4}"
EndProject
Project("{FAE04EC0-301F-11D3-BF4B-00C04F79EFBC}") = "GameFacto.Contract", "GameFacto.Contract\GameFacto.Contract.csproj", "{E293DF0E-834D-42FC-98E2-0E01A33F4EB1}"
EndProject
Global
	GlobalSection(SolutionConfigurationPlatforms) = preSolution
		Debug|Any CPU = Debug|Any CPU
		Release|Any CPU = Release|Any CPU
	EndGlobalSection
	GlobalSection(ProjectConfigurationPlatforms) = postSolution
		{63E009BF-E1E0-4D95-9994-589C91827DA6}.Debug|Any CPU.ActiveCfg = Debug|Any CPU
		{63E009BF-E1E0-4D95-9994-589C91827DA6}.Debug|Any CPU.Build.0 = Debug|Any CPU
		{63E009BF-E1E0-4D95-9994-589C91827DA6}.Release|Any CPU.ActiveCfg = Release|Any CPU
		{63E009BF-E1E0-4D95-9994-589C91827DA6}.Release|Any CPU.Build.0 = Release|Any CPU
		{CF6DFCEB-5F37-4981-9A2D-FEB99FC75E18}.Debug|Any CPU.ActiveCfg = Debug|Any CPU
		{CF6DFCEB-5F37-4981-9A2D-FEB99FC75E18}.Debug|Any CPU.Build.0 = Debug|Any CPU
		{CF6DFCEB-5F37-4981-9A2D-FEB99FC75E18}.Release|Any CPU.ActiveCfg = Release|Any CPU
		{CF6DFCEB-5F37-4981-9A2D-FEB99FC75E18}.Release|Any CPU.Build.0 = Release|Any CPU
		{2184118B-0B9C-4F5C-AF51-D9515EC6B3A2}.Debug|Any CPU.ActiveCfg = Debug|Any CPU
		{2184118B-0B9C-4F5C-AF51-D9515EC6B3A2}.Debug|Any CPU.Build.0 = Debug|Any CPU
		{2184118B-0B9C-4F5C-AF51-D9515EC6B3A2}.Release|Any CPU.ActiveCfg = Release|Any CPU
		{2184118B-0B9C-4F5C-AF51-D9515EC6B3A2}.Release|Any CPU.Build.0 = Release|Any CPU
		{78F9D147-B9A0-42E0-8E0A-2A454D74BCB4}.Debug|Any CPU.ActiveCfg = Debug|Any CPU
		{78F9D147-B9A0-42E0-8E0A-2A454D74BCB4}.Debug|Any CPU.Build.0 = Debug|Any CPU
		{78F9D147-B9A0-42E0-8E0A-2A454D74BCB4}.Release|Any CPU.ActiveCfg = Release|Any CPU
		{78F9D147-B9A0-42E0-8E0A-2A454D74BCB4}.Release|Any CPU.Build.0 = Release|Any CPU
		{E293DF0E-834D-42FC-98E2-0E01A33F4EB1}.Debug|Any CPU.ActiveCfg = Debug|Any CPU
		{E293DF0E-834D-42FC-98E2-0E01A33F4EB1}.Debug|Any CPU.Build.0 = Debug|Any CPU
		{E293DF0E-834D-42FC-98E2-0E01A33F4EB1}.Release|Any CPU.ActiveCfg = Release|Any CPU
		{E293DF0E-834D-42FC-98E2-0E01A33F4EB1}.Release|Any CPU.Build.0 = Release|Any CPU
	EndGlobalSection
	GlobalSection(SolutionProperties) = preSolution
		HideSolutionNode = FALSE
	EndGlobalSection
	GlobalSection(ExtensibilityGlobals) = postSolution
		SolutionGuid = {90C7FD74-81E4-4CC7-9427-5CFEB231E758}
	EndGlobalSection
EndGlobal
